
Microsoft Visual Studio Solution File, Format Version 12.00
# Visual Studio Version 17
VisualStudioVersion = 17.10.35027.167
MinimumVisualStudioVersion = 10.0.40219.1
Project("{2150E333-8FDC-42A3-9474-1A3956D46DE8}") = "BusinessLayer", "BusinessLayer", "{0F1D66F6-A53A-4369-B10B-47B4BF64A067}"
EndProject
Project("{2150E333-8FDC-42A3-9474-1A3956D46DE8}") = "DataAccessLayer", "DataAccessLayer", "{22BB4C63-D15C-4B8C-A2BD-44FB2E24D785}"
EndProject
Project("{2150E333-8FDC-42A3-9474-1A3956D46DE8}") = "PresentationLayer", "PresentationLayer", "{6144C81B-A93C-409C-BE56-889F1D1B03EB}"
EndProject
Project("{9A19103F-16F7-4668-BE54-9A1E7A4F7556}") = "DataAccess", "DataAccess\DataAccess.csproj", "{1AE68F95-94E0-46E7-9D14-700D8FB15445}"
EndProject
Project("{9A19103F-16F7-4668-BE54-9A1E7A4F7556}") = "MenuQ", "MenuQ\MenuQ.csproj", "{48BB4763-DD02-423E-88A1-12C22582FDB6}"
EndProject
Project("{9A19103F-16F7-4668-BE54-9A1E7A4F7556}") = "BussinessObject", "BussinessObject\BussinessObject.csproj", "{E6D509C2-A25C-4CE8-B921-FB3A73E2912D}"
EndProject
Global
	GlobalSection(SolutionConfigurationPlatforms) = preSolution
		Debug|Any CPU = Debug|Any CPU
		Release|Any CPU = Release|Any CPU
	EndGlobalSection
	GlobalSection(ProjectConfigurationPlatforms) = postSolution
		{1AE68F95-94E0-46E7-9D14-700D8FB15445}.Debug|Any CPU.ActiveCfg = Debug|Any CPU
		{1AE68F95-94E0-46E7-9D14-700D8FB15445}.Debug|Any CPU.Build.0 = Debug|Any CPU
		{1AE68F95-94E0-46E7-9D14-700D8FB15445}.Release|Any CPU.ActiveCfg = Release|Any CPU
		{1AE68F95-94E0-46E7-9D14-700D8FB15445}.Release|Any CPU.Build.0 = Release|Any CPU
		{48BB4763-DD02-423E-88A1-12C22582FDB6}.Debug|Any CPU.ActiveCfg = Debug|Any CPU
		{48BB4763-DD02-423E-88A1-12C22582FDB6}.Debug|Any CPU.Build.0 = Debug|Any CPU
		{48BB4763-DD02-423E-88A1-12C22582FDB6}.Release|Any CPU.ActiveCfg = Release|Any CPU
		{48BB4763-DD02-423E-88A1-12C22582FDB6}.Release|Any CPU.Build.0 = Release|Any CPU
		{E6D509C2-A25C-4CE8-B921-FB3A73E2912D}.Debug|Any CPU.ActiveCfg = Debug|Any CPU
		{E6D509C2-A25C-4CE8-B921-FB3A73E2912D}.Debug|Any CPU.Build.0 = Debug|Any CPU
		{E6D509C2-A25C-4CE8-B921-FB3A73E2912D}.Release|Any CPU.ActiveCfg = Release|Any CPU
		{E6D509C2-A25C-4CE8-B921-FB3A73E2912D}.Release|Any CPU.Build.0 = Release|Any CPU
	EndGlobalSection
	GlobalSection(SolutionProperties) = preSolution
		HideSolutionNode = FALSE
	EndGlobalSection
	GlobalSection(NestedProjects) = preSolution
		{1AE68F95-94E0-46E7-9D14-700D8FB15445} = {22BB4C63-D15C-4B8C-A2BD-44FB2E24D785}
		{48BB4763-DD02-423E-88A1-12C22582FDB6} = {6144C81B-A93C-409C-BE56-889F1D1B03EB}
		{E6D509C2-A25C-4CE8-B921-FB3A73E2912D} = {0F1D66F6-A53A-4369-B10B-47B4BF64A067}
	EndGlobalSection
	GlobalSection(ExtensibilityGlobals) = postSolution
		SolutionGuid = {DA9EC5FA-812D-4677-956A-F69F60E9D3EC}
	EndGlobalSection
EndGlobal
